
Microsoft Visual Studio Solution File, Format Version 12.00
# Visual Studio 15
VisualStudioVersion = 15.0.27703.2026
MinimumVisualStudioVersion = 10.0.40219.1
Project("{FAE04EC0-301F-11D3-BF4B-00C04F79EFBC}") = "EntityFrameworkText", "EntityFrameworkText\EntityFrameworkText.csproj", "{8B9561EE-3A0D-4569-9DAA-FE4F759282A6}"
EndProject
Project("{FAE04EC0-301F-11D3-BF4B-00C04F79EFBC}") = "DatabaseLayer", "DatabaseLayer\DatabaseLayer.csproj", "{51C46814-462B-400E-81A8-DB2161041A40}"
EndProject
Global
	GlobalSection(SolutionConfigurationPlatforms) = preSolution
		Debug|Any CPU = Debug|Any CPU
		Release|Any CPU = Release|Any CPU
	EndGlobalSection
	GlobalSection(ProjectConfigurationPlatforms) = postSolution
		{8B9561EE-3A0D-4569-9DAA-FE4F759282A6}.Debug|Any CPU.ActiveCfg = Debug|Any CPU
		{8B9561EE-3A0D-4569-9DAA-FE4F759282A6}.Debug|Any CPU.Build.0 = Debug|Any CPU
		{8B9561EE-3A0D-4569-9DAA-FE4F759282A6}.Release|Any CPU.ActiveCfg = Release|Any CPU
		{8B9561EE-3A0D-4569-9DAA-FE4F759282A6}.Release|Any CPU.Build.0 = Release|Any CPU
		{51C46814-462B-400E-81A8-DB2161041A40}.Debug|Any CPU.ActiveCfg = Debug|Any CPU
		{51C46814-462B-400E-81A8-DB2161041A40}.Debug|Any CPU.Build.0 = Debug|Any CPU
		{51C46814-462B-400E-81A8-DB2161041A40}.Release|Any CPU.ActiveCfg = Release|Any CPU
		{51C46814-462B-400E-81A8-DB2161041A40}.Release|Any CPU.Build.0 = Release|Any CPU
	EndGlobalSection
	GlobalSection(SolutionProperties) = preSolution
		HideSolutionNode = FALSE
	EndGlobalSection
	GlobalSection(ExtensibilityGlobals) = postSolution
		SolutionGuid = {C42B225C-42C4-4B7C-9B9C-C020B3E24373}
	EndGlobalSection
EndGlobal
